
Microsoft Visual Studio Solution File, Format Version 11.00
# Visual Basic Express 2010
Project("{F184B08F-C81C-45F6-A57F-5ABD9991F28F}") = "Process Controller", "Process Controller.vbproj", "{9902B1D7-C221-4B89-A3ED-164960A9C74E}"
EndProject
Global
	GlobalSection(SolutionConfigurationPlatforms) = preSolution
		Debug|x86 = Debug|x86
		Release|x86 = Release|x86
	EndGlobalSection
	GlobalSection(ProjectConfigurationPlatforms) = postSolution
		{9902B1D7-C221-4B89-A3ED-164960A9C74E}.Debug|x86.ActiveCfg = Debug|x86
		{9902B1D7-C221-4B89-A3ED-164960A9C74E}.Debug|x86.Build.0 = Debug|x86
		{9902B1D7-C221-4B89-A3ED-164960A9C74E}.Release|x86.ActiveCfg = Release|x86
		{9902B1D7-C221-4B89-A3ED-164960A9C74E}.Release|x86.Build.0 = Release|x86
	EndGlobalSection
	GlobalSection(SolutionProperties) = preSolution
		HideSolutionNode = FALSE
	EndGlobalSection
EndGlobal
